DEPENDENCIES
  apt (~> 2.4.0)
  firewall
  mongodb
    git: https://github.com/JasonBoyles/chef-mongodb.git
    revision: 57129fc4f7609c3a8647abbddcb15eea011ec319
    ref: jgb-rem
  yum
  yum-epel

GRAPH
  apt (2.4.0)
  firewall (0.11.8)
  mongodb (0.12.0)
    apt (>= 1.8.2)
    yum (>= 0.0.0)
  yum (3.2.2)
  yum-epel (0.4.0)
    yum (~> 3.0)
